
Microsoft Visual Studio Solution File, Format Version 12.00
# Visual Studio Version 17
VisualStudioVersion = 17.8.34309.116
MinimumVisualStudioVersion = 10.0.40219.1
Project("{FAE04EC0-301F-11D3-BF4B-00C04F79EFBC}") = "ControleContatos5.0", "ControleContatos5.0\ControleContatos5.0.csproj", "{E82AF064-A51B-43BE-B530-9AF8146CC2DD}"
EndProject
Global
	GlobalSection(SolutionConfigurationPlatforms) = preSolution
		Debug|Any CPU = Debug|Any CPU
		Release|Any CPU = Release|Any CPU
	EndGlobalSection
	GlobalSection(ProjectConfigurationPlatforms) = postSolution
		{E82AF064-A51B-43BE-B530-9AF8146CC2DD}.Debug|Any CPU.ActiveCfg = Debug|Any CPU
		{E82AF064-A51B-43BE-B530-9AF8146CC2DD}.Debug|Any CPU.Build.0 = Debug|Any CPU
		{E82AF064-A51B-43BE-B530-9AF8146CC2DD}.Release|Any CPU.ActiveCfg = Release|Any CPU
		{E82AF064-A51B-43BE-B530-9AF8146CC2DD}.Release|Any CPU.Build.0 = Release|Any CPU
	EndGlobalSection
	GlobalSection(SolutionProperties) = preSolution
		HideSolutionNode = FALSE
	EndGlobalSection
	GlobalSection(ExtensibilityGlobals) = postSolution
		SolutionGuid = {F17AF577-BCB6-4E53-A8B0-E64BBEC8D883}
	EndGlobalSection
EndGlobal
